
Microsoft Visual Studio Solution File, Format Version 12.00
# Visual Studio Version 17
VisualStudioVersion = 17.8.34511.84
MinimumVisualStudioVersion = 10.0.40219.1
Project("{FAE04EC0-301F-11D3-BF4B-00C04F79EFBC}") = "BlazorCinemaDigest", "BlazorCinemaDigest\BlazorCinemaDigest.csproj", "{6BF2EDD0-C5F9-4757-83E9-C784F1BA2DAB}"
EndProject
Project("{9A19103F-16F7-4668-BE54-9A1E7A4F7556}") = "CinemaDigestApi", "..\BlazorApi\TestApi3K\CinemaDigestApi.csproj", "{E558B2B5-8839-42A5-8A59-20216BBC58D6}"
EndProject
Project("{FAE04EC0-301F-11D3-BF4B-00C04F79EFBC}") = "PhotoServiceApi", "..\PhotoServiceApi\PhotoServiceApi\PhotoServiceApi.csproj", "{15AF3789-824C-41F1-AE63-03A6496C7A20}"
EndProject
Global
	GlobalSection(SolutionConfigurationPlatforms) = preSolution
		Debug|Any CPU = Debug|Any CPU
		Release|Any CPU = Release|Any CPU
	EndGlobalSection
	GlobalSection(ProjectConfigurationPlatforms) = postSolution
		{6BF2EDD0-C5F9-4757-83E9-C784F1BA2DAB}.Debug|Any CPU.ActiveCfg = Debug|Any CPU
		{6BF2EDD0-C5F9-4757-83E9-C784F1BA2DAB}.Debug|Any CPU.Build.0 = Debug|Any CPU
		{6BF2EDD0-C5F9-4757-83E9-C784F1BA2DAB}.Release|Any CPU.ActiveCfg = Release|Any CPU
		{6BF2EDD0-C5F9-4757-83E9-C784F1BA2DAB}.Release|Any CPU.Build.0 = Release|Any CPU
		{E558B2B5-8839-42A5-8A59-20216BBC58D6}.Debug|Any CPU.ActiveCfg = Debug|Any CPU
		{E558B2B5-8839-42A5-8A59-20216BBC58D6}.Debug|Any CPU.Build.0 = Debug|Any CPU
		{E558B2B5-8839-42A5-8A59-20216BBC58D6}.Release|Any CPU.ActiveCfg = Release|Any CPU
		{E558B2B5-8839-42A5-8A59-20216BBC58D6}.Release|Any CPU.Build.0 = Release|Any CPU
		{15AF3789-824C-41F1-AE63-03A6496C7A20}.Debug|Any CPU.ActiveCfg = Debug|Any CPU
		{15AF3789-824C-41F1-AE63-03A6496C7A20}.Debug|Any CPU.Build.0 = Debug|Any CPU
		{15AF3789-824C-41F1-AE63-03A6496C7A20}.Release|Any CPU.ActiveCfg = Release|Any CPU
		{15AF3789-824C-41F1-AE63-03A6496C7A20}.Release|Any CPU.Build.0 = Release|Any CPU
	EndGlobalSection
	GlobalSection(SolutionProperties) = preSolution
		HideSolutionNode = FALSE
	EndGlobalSection
	GlobalSection(ExtensibilityGlobals) = postSolution
		SolutionGuid = {E58C998F-D89E-4D62-A121-49C6B7F967F5}
	EndGlobalSection
EndGlobal
